
Microsoft Visual Studio Solution File, Format Version 12.00
# Visual Studio Version 17
VisualStudioVersion = 17.10.35013.160
MinimumVisualStudioVersion = 10.0.40219.1
Project("{FAE04EC0-301F-11D3-BF4B-00C04F79EFBC}") = "BossAmiya", "BossAmiya.csproj", "{140F7200-A3B2-410D-AEB9-E4DC9602813C}"
EndProject
Global
	GlobalSection(SolutionConfigurationPlatforms) = preSolution
		Debug|Any CPU = Debug|Any CPU
		Release|Any CPU = Release|Any CPU
	EndGlobalSection
	GlobalSection(ProjectConfigurationPlatforms) = postSolution
		{140F7200-A3B2-410D-AEB9-E4DC9602813C}.Debug|Any CPU.ActiveCfg = Debug|Any CPU
		{140F7200-A3B2-410D-AEB9-E4DC9602813C}.Debug|Any CPU.Build.0 = Debug|Any CPU
		{140F7200-A3B2-410D-AEB9-E4DC9602813C}.Release|Any CPU.ActiveCfg = Release|Any CPU
		{140F7200-A3B2-410D-AEB9-E4DC9602813C}.Release|Any CPU.Build.0 = Release|Any CPU
	EndGlobalSection
	GlobalSection(SolutionProperties) = preSolution
		HideSolutionNode = FALSE
	EndGlobalSection
	GlobalSection(ExtensibilityGlobals) = postSolution
		SolutionGuid = {20E6D08E-5077-4B52-87F4-8BD05E6A8E1D}
	EndGlobalSection
EndGlobal
